Microsoft Visual Studio Solution File, Format Version 12.00
# Visual Studio Version 17
Project("{9A19103F-16F7-4668-BE54-9A1E7A4F7556}") = "Akwaba.Domain", "src\Akwaba.Domain\Akwaba.Domain.csproj", "{72C46F28-BAB3-407A-A1A1-94B9E7C03A86}"
EndProject
Project("{9A19103F-16F7-4668-BE54-9A1E7A4F7556}") = "Akwaba.Sync", "src\Akwaba.Sync\Akwaba.Sync.csproj", "{FE3CF661-72B0-4702-ACDB-A8B33BC650A3}"
EndProject
Project("{9A19103F-16F7-4668-BE54-9A1E7A4F7556}") = "Akwaba.Desktop", "src\Akwaba.Desktop\Akwaba.Desktop.csproj", "{4D6122CA-B2D1-458D-AE43-87867C4DDEE9}"
EndProject
Global
	GlobalSection(SolutionConfigurationPlatforms) = preSolution
		Debug|Any CPU = Debug|Any CPU
		Release|Any CPU = Release|Any CPU
	EndGlobalSection
	GlobalSection(ProjectConfigurationPlatforms) = postSolution
		{72C46F28-BAB3-407A-A1A1-94B9E7C03A86}.Debug|Any CPU.ActiveCfg = Debug|Any CPU
		{72C46F28-BAB3-407A-A1A1-94B9E7C03A86}.Debug|Any CPU.Build.0 = Debug|Any CPU
		{72C46F28-BAB3-407A-A1A1-94B9E7C03A86}.Release|Any CPU.ActiveCfg = Release|Any CPU
		{72C46F28-BAB3-407A-A1A1-94B9E7C03A86}.Release|Any CPU.Build.0 = Release|Any CPU
		{FE3CF661-72B0-4702-ACDB-A8B33BC650A3}.Debug|Any CPU.ActiveCfg = Debug|Any CPU
		{FE3CF661-72B0-4702-ACDB-A8B33BC650A3}.Debug|Any CPU.Build.0 = Debug|Any CPU
		{FE3CF661-72B0-4702-ACDB-A8B33BC650A3}.Release|Any CPU.ActiveCfg = Release|Any CPU
		{FE3CF661-72B0-4702-ACDB-A8B33BC650A3}.Release|Any CPU.Build.0 = Release|Any CPU
		{4D6122CA-B2D1-458D-AE43-87867C4DDEE9}.Debug|Any CPU.ActiveCfg = Debug|Any CPU
		{4D6122CA-B2D1-458D-AE43-87867C4DDEE9}.Debug|Any CPU.Build.0 = Debug|Any CPU
		{4D6122CA-B2D1-458D-AE43-87867C4DDEE9}.Release|Any CPU.ActiveCfg = Release|Any CPU
		{4D6122CA-B2D1-458D-AE43-87867C4DDEE9}.Release|Any CPU.Build.0 = Release|Any CPU
	EndGlobalSection
EndGlobal
