Microsoft Visual Studio Solution File, Format Version 12.00
# Visual Studio Version 17
VisualStudioVersion = 17.0.31903.59
MinimumVisualStudioVersion = 10.0.40219.1
Project("{9A19103F-16F7-4668-BE54-9A1E7A4F7556}") = "Akwaba.Domain", "src\Akwaba.Domain\Akwaba.Domain.csproj", "{08C087F3-C5EF-4522-A46B-07D187781E3A}"
EndProject
Project("{9A19103F-16F7-4668-BE54-9A1E7A4F7556}") = "Akwaba.Application", "src\Akwaba.Application\Akwaba.Application.csproj", "{259892FB-650E-4865-A4A4-1CA149554648}"
EndProject
Project("{9A19103F-16F7-4668-BE54-9A1E7A4F7556}") = "Akwaba.Infrastructure", "src\Akwaba.Infrastructure\Akwaba.Infrastructure.csproj", "{1F776AF9-26CF-4D56-BB54-90A0C0D44D78}"
EndProject
Project("{9A19103F-16F7-4668-BE54-9A1E7A4F7556}") = "Akwaba.Web", "src\Akwaba.Web\Akwaba.Web.csproj", "{A45DCEFE-C076-4DAF-8A1C-237AF85B358F}"
EndProject
Global
	GlobalSection(SolutionConfigurationPlatforms) = preSolution
		Debug|Any CPU = Debug|Any CPU
		Release|Any CPU = Release|Any CPU
	EndGlobalSection
	GlobalSection(ProjectConfigurationPlatforms) = postSolution
		{08C087F3-C5EF-4522-A46B-07D187781E3A}.Debug|Any CPU.ActiveCfg = Debug|Any CPU
		{08C087F3-C5EF-4522-A46B-07D187781E3A}.Debug|Any CPU.Build.0 = Debug|Any CPU
		{08C087F3-C5EF-4522-A46B-07D187781E3A}.Release|Any CPU.ActiveCfg = Release|Any CPU
		{08C087F3-C5EF-4522-A46B-07D187781E3A}.Release|Any CPU.Build.0 = Release|Any CPU
		{259892FB-650E-4865-A4A4-1CA149554648}.Debug|Any CPU.ActiveCfg = Debug|Any CPU
		{259892FB-650E-4865-A4A4-1CA149554648}.Debug|Any CPU.Build.0 = Debug|Any CPU
		{259892FB-650E-4865-A4A4-1CA149554648}.Release|Any CPU.ActiveCfg = Release|Any CPU
		{259892FB-650E-4865-A4A4-1CA149554648}.Release|Any CPU.Build.0 = Release|Any CPU
		{1F776AF9-26CF-4D56-BB54-90A0C0D44D78}.Debug|Any CPU.ActiveCfg = Debug|Any CPU
		{1F776AF9-26CF-4D56-BB54-90A0C0D44D78}.Debug|Any CPU.Build.0 = Debug|Any CPU
		{1F776AF9-26CF-4D56-BB54-90A0C0D44D78}.Release|Any CPU.ActiveCfg = Release|Any CPU
		{1F776AF9-26CF-4D56-BB54-90A0C0D44D78}.Release|Any CPU.Build.0 = Release|Any CPU
		{A45DCEFE-C076-4DAF-8A1C-237AF85B358F}.Debug|Any CPU.ActiveCfg = Debug|Any CPU
		{A45DCEFE-C076-4DAF-8A1C-237AF85B358F}.Debug|Any CPU.Build.0 = Debug|Any CPU
		{A45DCEFE-C076-4DAF-8A1C-237AF85B358F}.Release|Any CPU.ActiveCfg = Release|Any CPU
		{A45DCEFE-C076-4DAF-8A1C-237AF85B358F}.Release|Any CPU.Build.0 = Release|Any CPU
	EndGlobalSection
EndGlobal
